
Microsoft Visual Studio Solution File, Format Version 12.00
# Visual Studio Version 17
VisualStudioVersion = 17.6.33717.318
MinimumVisualStudioVersion = 10.0.40219.1
Project("{FAE04EC0-301F-11D3-BF4B-00C04F79EFBC}") = "Lennujaam_haldussusteem", "Lennujaam_haldussusteem\Lennujaam_haldussusteem.csproj", "{DF8698C8-E964-4606-BC12-08B8817300B1}"
EndProject
Global
	GlobalSection(SolutionConfigurationPlatforms) = preSolution
		Debug|Any CPU = Debug|Any CPU
		Release|Any CPU = Release|Any CPU
	EndGlobalSection
	GlobalSection(ProjectConfigurationPlatforms) = postSolution
		{DF8698C8-E964-4606-BC12-08B8817300B1}.Debug|Any CPU.ActiveCfg = Debug|Any CPU
		{DF8698C8-E964-4606-BC12-08B8817300B1}.Debug|Any CPU.Build.0 = Debug|Any CPU
		{DF8698C8-E964-4606-BC12-08B8817300B1}.Release|Any CPU.ActiveCfg = Release|Any CPU
		{DF8698C8-E964-4606-BC12-08B8817300B1}.Release|Any CPU.Build.0 = Release|Any CPU
	EndGlobalSection
	GlobalSection(SolutionProperties) = preSolution
		HideSolutionNode = FALSE
	EndGlobalSection
	GlobalSection(ExtensibilityGlobals) = postSolution
		SolutionGuid = {D552AAE6-879C-43BC-920D-0145DEE5B605}
	EndGlobalSection
EndGlobal
